// !$*UTF8*$!
{
	archiveVersion = 1;
	classes = {
	};
	objectVersion = 50;
	objects = {

/* Begin PBXBuildFile section */
		2A1EEEF32699E815004520FA /* SkillVC.swift in Sources */ = {isa = PBXBuildFile; fileRef = 2A1EEEF22699E815004520FA /* SkillVC.swift */; };
		2A7F50E82696017000FDFF6E /* AppDelegate.swift in Sources */ = {isa = PBXBuildFile; fileRef = 2A7F50E72696017000FDFF6E /* AppDelegate.swift */; };
		2A7F50EA2696017000FDFF6E /* SceneDelegate.swift in Sources */ = {isa = PBXBuildFile; fileRef = 2A7F50E92696017000FDFF6E /* SceneDelegate.swift */; };
		2A7F50EC2696017000FDFF6E /* WelcomeVC.swift in Sources */ = {isa = PBXBuildFile; fileRef = 2A7F50EB2696017000FDFF6E /* WelcomeVC.swift */; };
		2A7F50EF2696017000FDFF6E /* Main.storyboard in Resources */ = {isa = PBXBuildFile; fileRef = 2A7F50ED2696017000FDFF6E /* Main.storyboard */; };
		2A7F50F12696017500FDFF6E /* Assets.xcassets in Resources */ = {isa = PBXBuildFile; fileRef = 2A7F50F02696017500FDFF6E /* Assets.xcassets */; };
		2A7F50F42696017500FDFF6E /* LaunchScreen.storyboard in Resources */ = {isa = PBXBuildFile; fileRef = 2A7F50F22696017500FDFF6E /* LaunchScreen.storyboard */; };
		2A7F50FF2696017600FDFF6E /* app_swooshTests.swift in Sources */ = {isa = PBXBuildFile; fileRef = 2A7F50FE2696017600FDFF6E /* app_swooshTests.swift */; };
		2A7F510A2696017600FDFF6E /* app_swooshUITests.swift in Sources */ = {isa = PBXBuildFile; fileRef = 2A7F51092696017600FDFF6E /* app_swooshUITests.swift */; };
		2A7F5119269741F500FDFF6E /* BorderButton.swift in Sources */ = {isa = PBXBuildFile; fileRef = 2A7F5118269741F500FDFF6E /* BorderButton.swift */; };
		2A98F86F269AE57600EDFC60 /* Player.swift in Sources */ = {isa = PBXBuildFile; fileRef = 2A98F86E269AE57600EDFC60 /* Player.swift */; };
		2A9A0B832699D78800279389 /* LeagueVC.swift in Sources */ = {isa = PBXBuildFile; fileRef = 2A9A0B822699D78800279389 /* LeagueVC.swift */; };
/* End PBXBuildFile section */

/* Begin PBXContainerItemProxy section */
		2A7F50FB2696017600FDFF6E /* PBXContainerItemProxy */ = {
			isa = PBXContainerItemProxy;
			containerPortal = 2A7F50DC2696017000FDFF6E /* Project object */;
			proxyType = 1;
			remoteGlobalIDString = 2A7F50E32696017000FDFF6E;
			remoteInfo = app_swoosh;
		};
		2A7F51062696017600FDFF6E /* PBXContainerItemProxy */ = {
			isa = PBXContainerItemProxy;
			containerPortal = 2A7F50DC2696017000FDFF6E /* Project object */;
			proxyType = 1;
			remoteGlobalIDString = 2A7F50E32696017000FDFF6E;
			remoteInfo = app_swoosh;
		};
/* End PBXContainerItemProxy section */

/* Begin PBXFileReference section */
		2A1EEEF22699E815004520FA /* SkillVC.swift */ = {isa = PBXFileReference; lastKnownFileType = sourcecode.swift; path = SkillVC.swift; sourceTree = "<group>"; };
		2A7F50E42696017000FDFF6E /* app_swoosh.app */ = {isa = PBXFileReference; explicitFileType = wrapper.application; includeInIndex = 0; path = app_swoosh.app; sourceTree = BUILT_PRODUCTS_DIR; };
		2A7F50E72696017000FDFF6E /* AppDelegate.swift */ = {isa = PBXFileReference; lastKnownFileType = sourcecode.swift; path = AppDelegate.swift; sourceTree = "<group>"; };
		2A7F50E92696017000FDFF6E /* SceneDelegate.swift */ = {isa = PBXFileReference; lastKnownFileType = sourcecode.swift; path = SceneDelegate.swift; sourceTree = "<group>"; };
		2A7F50EB2696017000FDFF6E /* WelcomeVC.swift */ = {isa = PBXFileReference; lastKnownFileType = sourcecode.swift; path = WelcomeVC.swift; sourceTree = "<group>"; };
		2A7F50EE2696017000FDFF6E /* Base */ = {isa = PBXFileReference; lastKnownFileType = file.storyboard; name = Base; path = Base.lproj/Main.storyboard; sourceTree = "<group>"; };
		2A7F50F02696017500FDFF6E /* Assets.xcassets */ = {isa = PBXFileReference; lastKnownFileType = folder.assetcatalog; path = Assets.xcassets; sourceTree = "<group>"; };
		2A7F50F32696017500FDFF6E /* Base */ = {isa = PBXFileReference; lastKnownFileType = file.storyboard; name = Base; path = Base.lproj/LaunchScreen.storyboard; sourceTree = "<group>"; };
		2A7F50F52696017500FDFF6E /* Info.plist */ = {isa = PBXFileReference; lastKnownFileType = text.plist.xml; path = Info.plist; sourceTree = "<group>"; };
		2A7F50FA2696017600FDFF6E /* app_swooshTests.xctest */ = {isa = PBXFileReference; explicitFileType = wrapper.cfbundle; includeInIndex = 0; path = app_swooshTests.xctest; sourceTree = BUILT_PRODUCTS_DIR; };
		2A7F50FE2696017600FDFF6E /* app_swooshTests.swift */ = {isa = PBXFileReference; lastKnownFileType = sourcecode.swift; path = app_swooshTests.swift; sourceTree = "<group>"; };
		2A7F51002696017600FDFF6E /* Info.plist */ = {isa = PBXFileReference; lastKnownFileType = text.plist.xml; path = Info.plist; sourceTree = "<group>"; };
		2A7F51052696017600FDFF6E /* app_swooshUITests.xctest */ = {isa = PBXFileReference; explicitFileType = wrapper.cfbundle; includeInIndex = 0; path = app_swooshUITests.xctest; sourceTree = BUILT_PRODUCTS_DIR; };
		2A7F51092696017600FDFF6E /* app_swooshUITests.swift */ = {isa = PBXFileReference; lastKnownFileType = sourcecode.swift; path = app_swooshUITests.swift; sourceTree = "<group>"; };
		2A7F510B2696017600FDFF6E /* Info.plist */ = {isa = PBXFileReference; lastKnownFileType = text.plist.xml; path = Info.plist; sourceTree = "<group>"; };
		2A7F5118269741F500FDFF6E /* BorderButton.swift */ = {isa = PBXFileReference; lastKnownFileType = sourcecode.swift; path = BorderButton.swift; sourceTree = "<group>"; };
		2A98F86E269AE57600EDFC60 /* Player.swift */ = {isa = PBXFileReference; lastKnownFileType = sourcecode.swift; path = Player.swift; sourceTree = "<group>"; };
		2A9A0B822699D78800279389 /* LeagueVC.swift */ = {isa = PBXFileReference; lastKnownFileType = sourcecode.swift; path = LeagueVC.swift; sourceTree = "<group>"; };
/* End PBXFileReference section */

/* Begin PBXFrameworksBuildPhase section */
		2A7F50E12696017000FDFF6E /* Frameworks */ = {
			isa = PBXFrameworksBuildPhase;
			buildActionMask = 2147483647;
			files = (
			);
			runOnlyForDeploymentPostprocessing = 0;
		};
		2A7F50F72696017600FDFF6E /* Frameworks */ = {
			isa = PBXFrameworksBuildPhase;
			buildActionMask = 2147483647;
			files = (
			);
			runOnlyForDeploymentPostprocessing = 0;
		};
		2A7F51022696017600FDFF6E /* Frameworks */ = {
			isa = PBXFrameworksBuildPhase;
			buildActionMask = 2147483647;
			files = (
			);
			runOnlyForDeploymentPostprocessing = 0;
		};
/* End PBXFrameworksBuildPhase section */

/* Begin PBXGroup section */
		2A7F50DB2696017000FDFF6E = {
			isa = PBXGroup;
			children = (
				2A7F50E62696017000FDFF6E /* app_swoosh */,
				2A7F50FD2696017600FDFF6E /* app_swooshTests */,
				2A7F51082696017600FDFF6E /* app_swooshUITests */,
				2A7F50E52696017000FDFF6E /* Products */,
			);
			sourceTree = "<group>";
		};
		2A7F50E52696017000FDFF6E /* Products */ = {
			isa = PBXGroup;
			children = (
				2A7F50E42696017000FDFF6E /* app_swoosh.app */,
				2A7F50FA2696017600FDFF6E /* app_swooshTests.xctest */,
				2A7F51052696017600FDFF6E /* app_swooshUITests.xctest */,
			);
			name = Products;
			sourceTree = "<group>";
		};
		2A7F50E62696017000FDFF6E /* app_swoosh */ = {
			isa = PBXGroup;
			children = (
				2A9A0B852699E5F400279389 /* Model */,
				2A9A0B842699E5E600279389 /* Controller */,
				2A7F51172697418100FDFF6E /* View */,
				2A7F50E72696017000FDFF6E /* AppDelegate.swift */,
				2A7F50E92696017000FDFF6E /* SceneDelegate.swift */,
				2A7F50ED2696017000FDFF6E /* Main.storyboard */,
				2A7F50F02696017500FDFF6E /* Assets.xcassets */,
				2A7F50F22696017500FDFF6E /* LaunchScreen.storyboard */,
				2A7F50F52696017500FDFF6E /* Info.plist */,
			);
			path = app_swoosh;
			sourceTree = "<group>";
		};
		2A7F50FD2696017600FDFF6E /* app_swooshTests */ = {
			isa = PBXGroup;
			children = (
				2A7F50FE2696017600FDFF6E /* app_swooshTests.swift */,
				2A7F51002696017600FDFF6E /* Info.plist */,
			);
			path = app_swooshTests;
			sourceTree = "<group>";
		};
		2A7F51082696017600FDFF6E /* app_swooshUITests */ = {
			isa = PBXGroup;
			children = (
				2A7F51092696017600FDFF6E /* app_swooshUITests.swift */,
				2A7F510B2696017600FDFF6E /* Info.plist */,
			);
			path = app_swooshUITests;
			sourceTree = "<group>";
		};
		2A7F51172697418100FDFF6E /* View */ = {
			isa = PBXGroup;
			children = (
				2A7F5118269741F500FDFF6E /* BorderButton.swift */,
			);
			path = View;
			sourceTree = "<group>";
		};
		2A9A0B842699E5E600279389 /* Controller */ = {
			isa = PBXGroup;
			children = (
				2A9A0B822699D78800279389 /* LeagueVC.swift */,
				2A7F50EB2696017000FDFF6E /* WelcomeVC.swift */,
				2A1EEEF22699E815004520FA /* SkillVC.swift */,
			);
			path = Controller;
			sourceTree = "<group>";
		};
		2A9A0B852699E5F400279389 /* Model */ = {
			isa = PBXGroup;
			children = (
				2A98F86E269AE57600EDFC60 /* Player.swift */,
			);
			path = Model;
			sourceTree = "<group>";
		};
/* End PBXGroup section */

/* Begin PBXNativeTarget section */
		2A7F50E32696017000FDFF6E /* app_swoosh */ = {
			isa = PBXNativeTarget;
			buildConfigurationList = 2A7F510E2696017600FDFF6E /* Build configuration list for PBXNativeTarget "app_swoosh" */;
			buildPhases = (
				2A7F50E02696017000FDFF6E /* Sources */,
				2A7F50E12696017000FDFF6E /* Frameworks */,
				2A7F50E22696017000FDFF6E /* Resources */,
			);
			buildRules = (
			);
			dependencies = (
			);
			name = app_swoosh;
			productName = app_swoosh;
			productReference = 2A7F50E42696017000FDFF6E /* app_swoosh.app */;
			productType = "com.apple.product-type.application";
		};
		2A7F50F92696017600FDFF6E /* app_swooshTests */ = {
			isa = PBXNativeTarget;
			buildConfigurationList = 2A7F51112696017600FDFF6E /* Build configuration list for PBXNativeTarget "app_swooshTests" */;
			buildPhases = (
				2A7F50F62696017600FDFF6E /* Sources */,
				2A7F50F72696017600FDFF6E /* Frameworks */,
				2A7F50F82696017600FDFF6E /* Resources */,
			);
			buildRules = (
			);
			dependencies = (
				2A7F50FC2696017600FDFF6E /* PBXTargetDependency */,
			);
			name = app_swooshTests;
			productName = app_swooshTests;
			productReference = 2A7F50FA2696017600FDFF6E /* app_swooshTests.xctest */;
			productType = "com.apple.product-type.bundle.unit-test";
		};
		2A7F51042696017600FDFF6E /* app_swooshUITests */ = {
			isa = PBXNativeTarget;
			buildConfigurationList = 2A7F51142696017600FDFF6E /* Build configuration list for PBXNativeTarget "app_swooshUITests" */;
			buildPhases = (
				2A7F51012696017600FDFF6E /* Sources */,
				2A7F51022696017600FDFF6E /* Frameworks */,
				2A7F51032696017600FDFF6E /* Resources */,
			);
			buildRules = (
			);
			dependencies = (
				2A7F51072696017600FDFF6E /* PBXTargetDependency */,
			);
			name = app_swooshUITests;
			productName = app_swooshUITests;
			productReference = 2A7F51052696017600FDFF6E /* app_swooshUITests.xctest */;
			productType = "com.apple.product-type.bundle.ui-testing";
		};
/* End PBXNativeTarget section */

/* Begin PBXProject section */
		2A7F50DC2696017000FDFF6E /* Project object */ = {
			isa = PBXProject;
			attributes = {
				LastSwiftUpdateCheck = 1250;
				LastUpgradeCheck = 1250;
				TargetAttributes = {
					2A7F50E32696017000FDFF6E = {
						CreatedOnToolsVersion = 12.5;
					};
					2A7F50F92696017600FDFF6E = {
						CreatedOnToolsVersion = 12.5;
						TestTargetID = 2A7F50E32696017000FDFF6E;
					};
					2A7F51042696017600FDFF6E = {
						CreatedOnToolsVersion = 12.5;
						TestTargetID = 2A7F50E32696017000FDFF6E;
					};
				};
			};
			buildConfigurationList = 2A7F50DF2696017000FDFF6E /* Build configuration list for PBXProject "app_swoosh" */;
			compatibilityVersion = "Xcode 9.3";
			developmentRegion = en;
			hasScannedForEncodings = 0;
			knownRegions = (
				en,
				Base,
			);
			mainGroup = 2A7F50DB2696017000FDFF6E;
			productRefGroup = 2A7F50E52696017000FDFF6E /* Products */;
			projectDirPath = "";
			projectRoot = "";
			targets = (
				2A7F50E32696017000FDFF6E /* app_swoosh */,
				2A7F50F92696017600FDFF6E /* app_swooshTests */,
				2A7F51042696017600FDFF6E /* app_swooshUITests */,
			);
		};
/* End PBXProject section */

/* Begin PBXResourcesBuildPhase section */
		2A7F50E22696017000FDFF6E /* Resources */ = {
			isa = PBXResourcesBuildPhase;
			buildActionMask = 2147483647;
			files = (
				2A7F50F42696017500FDFF6E /* LaunchScreen.storyboard in Resources */,
				2A7F50F12696017500FDFF6E /* Assets.xcassets in Resources */,
				2A7F50EF2696017000FDFF6E /* Main.storyboard in Resources */,
			);
			runOnlyForDeploymentPostprocessing = 0;
		};
		2A7F50F82696017600FDFF6E /* Resources */ = {
			isa = PBXResourcesBuildPhase;
			buildActionMask = 2147483647;
			files = (
			);
			runOnlyForDeploymentPostprocessing = 0;
		};
		2A7F51032696017600FDFF6E /* Resources */ = {
			isa = PBXResourcesBuildPhase;
			buildActionMask = 2147483647;
			files = (
			);
			runOnlyForDeploymentPostprocessing = 0;
		};
/* End PBXResourcesBuildPhase section */

/* Begin PBXSourcesBuildPhase section */
		2A7F50E02696017000FDFF6E /* Sources */ = {
			isa = PBXSourcesBuildPhase;
			buildActionMask = 2147483647;
			files = (
				2A7F50EC2696017000FDFF6E /* WelcomeVC.swift in Sources */,
				2A9A0B832699D78800279389 /* LeagueVC.swift in Sources */,
				2A7F50E82696017000FDFF6E /* AppDelegate.swift in Sources */,
				2A7F50EA2696017000FDFF6E /* SceneDelegate.swift in Sources */,
				2A98F86F269AE57600EDFC60 /* Player.swift in Sources */,
				2A1EEEF32699E815004520FA /* SkillVC.swift in Sources */,
				2A7F5119269741F500FDFF6E /* BorderButton.swift in Sources */,
			);
			runOnlyForDeploymentPostprocessing = 0;
		};
		2A7F50F62696017600FDFF6E /* Sources */ = {
			isa = PBXSourcesBuildPhase;
			buildActionMask = 2147483647;
			files = (
				2A7F50FF2696017600FDFF6E /* app_swooshTests.swift in Sources */,
			);
			runOnlyForDeploymentPostprocessing = 0;
		};
		2A7F51012696017600FDFF6E /* Sources */ = {
			isa = PBXSourcesBuildPhase;
			buildActionMask = 2147483647;
			files = (
				2A7F510A2696017600FDFF6E /* app_swooshUITests.swift in Sources */,
			);
			runOnlyForDeploymentPostprocessing = 0;
		};
/* End PBXSourcesBuildPhase section */

/* Begin PBXTargetDependency section */
		2A7F50FC2696017600FDFF6E /* PBXTargetDependency */ = {
			isa = PBXTargetDependency;
			target = 2A7F50E32696017000FDFF6E /* app_swoosh */;
			targetProxy = 2A7F50FB2696017600FDFF6E /* PBXContainerItemProxy */;
		};
		2A7F51072696017600FDFF6E /* PBXTargetDependency */ = {
			isa = PBXTargetDependency;
			target = 2A7F50E32696017000FDFF6E /* app_swoosh */;
			targetProxy = 2A7F51062696017600FDFF6E /* PBXContainerItemProxy */;
		};
/* End PBXTargetDependency section */

/* Begin PBXVariantGroup section */
		2A7F50ED2696017000FDFF6E /* Main.storyboard */ = {
			isa = PBXVariantGroup;
			children = (
				2A7F50EE2696017000FDFF6E /* Base */,
			);
			name = Main.storyboard;
			sourceTree = "<group>";
		};
		2A7F50F22696017500FDFF6E /* LaunchScreen.storyboard */ = {
			isa = PBXVariantGroup;
			children = (
				2A7F50F32696017500FDFF6E /* Base */,
			);
			name = LaunchScreen.storyboard;
			sourceTree = "<group>";
		};
/* End PBXVariantGroup section */

/* Begin XCBuildConfiguration section */
		2A7F510C2696017600FDFF6E /* Debug */ = {
			isa = XCBuildConfiguration;
			buildSettings = {
				ALWAYS_SEARCH_USER_PATHS = NO;
				CLANG_ANALYZER_NONNULL = YES;
				CLANG_ANALYZER_NUMBER_OBJECT_CONVERSION = YES_AGGRESSIVE;
				CLANG_CXX_LANGUAGE_STANDARD = "gnu++14";
				CLANG_CXX_LIBRARY = "libc++";
				CLANG_ENABLE_MODULES = YES;
				CLANG_ENABLE_OBJC_ARC = YES;
				CLANG_ENABLE_OBJC_WEAK = YES;
				CLANG_WARN_BLOCK_CAPTURE_AUTORELEASING = YES;
				CLANG_WARN_BOOL_CONVERSION = YES;
				CLANG_WARN_COMMA = YES;
				CLANG_WARN_CONSTANT_CONVERSION = YES;
				CLANG_WARN_DEPRECATED_OBJC_IMPLEMENTATIONS = YES;
				CLANG_WARN_DIRECT_OBJC_ISA_USAGE = YES_ERROR;
				CLANG_WARN_DOCUMENTATION_COMMENTS = YES;
				CLANG_WARN_EMPTY_BODY = YES;
				CLANG_WARN_ENUM_CONVERSION = YES;
				CLANG_WARN_INFINITE_RECURSION = YES;
				CLANG_WARN_INT_CONVERSION = YES;
				CLANG_WARN_NON_LITERAL_NULL_CONVERSION = YES;
				CLANG_WARN_OBJC_IMPLICIT_RETAIN_SELF = YES;
				CLANG_WARN_OBJC_LITERAL_CONVERSION = YES;
				CLANG_WARN_OBJC_ROOT_CLASS = YES_ERROR;
				CLANG_WARN_QUOTED_INCLUDE_IN_FRAMEWORK_HEADER = YES;
				CLANG_WARN_RANGE_LOOP_ANALYSIS = YES;
				CLANG_WARN_STRICT_PROTOTYPES = YES;
				CLANG_WARN_SUSPICIOUS_MOVE = YES;
				CLANG_WARN_UNGUARDED_AVAILABILITY = YES_AGGRESSIVE;
				CLANG_WARN_UNREACHABLE_CODE = YES;
				CLANG_WARN__DUPLICATE_METHOD_MATCH = YES;
				COPY_PHASE_STRIP = NO;
				DEBUG_INFORMATION_FORMAT = dwarf;
				ENABLE_STRICT_OBJC_MSGSEND = YES;
				ENABLE_TESTABILITY = YES;
				GCC_C_LANGUAGE_STANDARD = gnu11;
				GCC_DYNAMIC_NO_PIC = NO;
				GCC_NO_COMMON_BLOCKS = YES;
				GCC_OPTIMIZATION_LEVEL = 0;
				GCC_PREPROCESSOR_DEFINITIONS = (
					"DEBUG=1",
					"$(inherited)",
				);
				GCC_WARN_64_TO_32_BIT_CONVERSION = YES;
				GCC_WARN_ABOUT_RETURN_TYPE = YES_ERROR;
				GCC_WARN_UNDECLARED_SELECTOR = YES;
				GCC_WARN_UNINITIALIZED_AUTOS = YES_AGGRESSIVE;
				GCC_WARN_UNUSED_FUNCTION = YES;
				GCC_WARN_UNUSED_VARIABLE = YES;
				IPHONEOS_DEPLOYMENT_TARGET = 14.5;
				MTL_ENABLE_DEBUG_INFO = INCLUDE_SOURCE;
				MTL_FAST_MATH = YES;
				ONLY_ACTIVE_ARCH = YES;
				SDKROOT = iphoneos;
				SWIFT_ACTIVE_COMPILATION_CONDITIONS = DEBUG;
				SWIFT_OPTIMIZATION_LEVEL = "-Onone";
			};
			name = Debug;
		};
		2A7F510D2696017600FDFF6E /* Release */ = {
			isa = XCBuildConfiguration;
			buildSettings = {
				ALWAYS_SEARCH_USER_PATHS = NO;
				CLANG_ANALYZER_NONNULL = YES;
				CLANG_ANALYZER_NUMBER_OBJECT_CONVERSION = YES_AGGRESSIVE;
				CLANG_CXX_LANGUAGE_STANDARD = "gnu++14";
				CLANG_CXX_LIBRARY = "libc++";
				CLANG_ENABLE_MODULES = YES;
				CLANG_ENABLE_OBJC_ARC = YES;
				CLANG_ENABLE_OBJC_WEAK = YES;
				CLANG_WARN_BLOCK_CAPTURE_AUTORELEASING = YES;
				CLANG_WARN_BOOL_CONVERSION = YES;
				CLANG_WARN_COMMA = YES;
				CLANG_WARN_CONSTANT_CONVERSION = YES;
				CLANG_WARN_DEPRECATED_OBJC_IMPLEMENTATIONS = YES;
				CLANG_WARN_DIRECT_OBJC_ISA_USAGE = YES_ERROR;
				CLANG_WARN_DOCUMENTATION_COMMENTS = YES;
				CLANG_WARN_EMPTY_BODY = YES;
				CLANG_WARN_ENUM_CONVERSION = YES;
				CLANG_WARN_INFINITE_RECURSION = YES;
				CLANG_WARN_INT_CONVERSION = YES;
				CLANG_WARN_NON_LITERAL_NULL_CONVERSION = YES;
				CLANG_WARN_OBJC_IMPLICIT_RETAIN_SELF = YES;
				CLANG_WARN_OBJC_LITERAL_CONVERSION = YES;
				CLANG_WARN_OBJC_ROOT_CLASS = YES_ERROR;
				CLANG_WARN_QUOTED_INCLUDE_IN_FRAMEWORK_HEADER = YES;
				CLANG_WARN_RANGE_LOOP_ANALYSIS = YES;
				CLANG_WARN_STRICT_PROTOTYPES = YES;
				CLANG_WARN_SUSPICIOUS_MOVE = YES;
				CLANG_WARN_UNGUARDED_AVAILABILITY = YES_AGGRESSIVE;
				CLANG_WARN_UNREACHABLE_CODE = YES;
				CLANG_WARN__DUPLICATE_METHOD_MATCH = YES;
				COPY_PHASE_STRIP = NO;
				DEBUG_INFORMATION_FORMAT = "dwarf-with-dsym";
				ENABLE_NS_ASSERTIONS = NO;
				ENABLE_STRICT_OBJC_MSGSEND = YES;
				GCC_C_LANGUAGE_STANDARD = gnu11;
				GCC_NO_COMMON_BLOCKS = YES;
				GCC_WARN_64_TO_32_BIT_CONVERSION = YES;
				GCC_WARN_ABOUT_RETURN_TYPE = YES_ERROR;
				GCC_WARN_UNDECLARED_SELECTOR = YES;
				GCC_WARN_UNINITIALIZED_AUTOS = YES_AGGRESSIVE;
				GCC_WARN_UNUSED_FUNCTION = YES;
				GCC_WARN_UNUSED_VARIABLE = YES;
				IPHONEOS_DEPLOYMENT_TARGET = 14.5;
				MTL_ENABLE_DEBUG_INFO = NO;
				MTL_FAST_MATH = YES;
				SDKROOT = iphoneos;
				SWIFT_COMPILATION_MODE = wholemodule;
				SWIFT_OPTIMIZATION_LEVEL = "-O";
				VALIDATE_PRODUCT = YES;
			};
			name = Release;
		};
		2A7F510F2696017600FDFF6E /* Debug */ = {
			isa = XCBuildConfiguration;
			buildSettings = {
				ASSETCATALOG_COMPILER_APPICON_NAME = AppIcon;
				ASSETCATALOG_COMPILER_GLOBAL_ACCENT_COLOR_NAME = AccentColor;
				CODE_SIGN_STYLE = Automatic;
				DEVELOPMENT_TEAM = P3L53LV9R5;
				INFOPLIST_FILE = app_swoosh/Info.plist;
				LD_RUNPATH_SEARCH_PATHS = (
					"$(inherited)",
					"@executable_path/Frameworks",
				);
				PRODUCT_BUNDLE_IDENTIFIER = "com.leohuang.app-swoosh";
				PRODUCT_NAME = "$(TARGET_NAME)";
				SWIFT_VERSION = 5.0;
				TARGETED_DEVICE_FAMILY = "1,2";
			};
			name = Debug;
		};
		2A7F51102696017600FDFF6E /* Release */ = {
			isa = XCBuildConfiguration;
			buildSettings = {
				ASSETCATALOG_COMPILER_APPICON_NAME = AppIcon;
				ASSETCATALOG_COMPILER_GLOBAL_ACCENT_COLOR_NAME = AccentColor;
				CODE_SIGN_STYLE = Automatic;
				DEVELOPMENT_TEAM = P3L53LV9R5;
				INFOPLIST_FILE = app_swoosh/Info.plist;
				LD_RUNPATH_SEARCH_PATHS = (
					"$(inherited)",
					"@executable_path/Frameworks",
				);
				PRODUCT_BUNDLE_IDENTIFIER = "com.leohuang.app-swoosh";
				PRODUCT_NAME = "$(TARGET_NAME)";
				SWIFT_VERSION = 5.0;
				TARGETED_DEVICE_FAMILY = "1,2";
			};
			name = Release;
		};
		2A7F51122696017600FDFF6E /* Debug */ = {
			isa = XCBuildConfiguration;
			buildSettings = {
				ALWAYS_EMBED_SWIFT_STANDARD_LIBRARIES = YES;
				BUNDLE_LOADER = "$(TEST_HOST)";
				CODE_SIGN_STYLE = Automatic;
				DEVELOPMENT_TEAM = P3L53LV9R5;
				INFOPLIST_FILE = app_swooshTests/Info.plist;
				IPHONEOS_DEPLOYMENT_TARGET = 14.5;
				LD_RUNPATH_SEARCH_PATHS = (
					"$(inherited)",
					"@executable_path/Frameworks",
					"@loader_path/Frameworks",
				);
				PRODUCT_BUNDLE_IDENTIFIER = "com.leohuang.app-swooshTests";
				PRODUCT_NAME = "$(TARGET_NAME)";
				SWIFT_VERSION = 5.0;
				TARGETED_DEVICE_FAMILY = "1,2";
				TEST_HOST = "$(BUILT_PRODUCTS_DIR)/app_swoosh.app/app_swoosh";
			};
			name = Debug;
		};
		2A7F51132696017600FDFF6E /* Release */ = {
			isa = XCBuildConfiguration;
			buildSettings = {
				ALWAYS_EMBED_SWIFT_STANDARD_LIBRARIES = YES;
				BUNDLE_LOADER = "$(TEST_HOST)";
				CODE_SIGN_STYLE = Automatic;
				DEVELOPMENT_TEAM = P3L53LV9R5;
				INFOPLIST_FILE = app_swooshTests/Info.plist;
				IPHONEOS_DEPLOYMENT_TARGET = 14.5;
				LD_RUNPATH_SEARCH_PATHS = (
					"$(inherited)",
					"@executable_path/Frameworks",
					"@loader_path/Frameworks",
				);
				PRODUCT_BUNDLE_IDENTIFIER = "com.leohuang.app-swooshTests";
				PRODUCT_NAME = "$(TARGET_NAME)";
				SWIFT_VERSION = 5.0;
				TARGETED_DEVICE_FAMILY = "1,2";
				TEST_HOST = "$(BUILT_PRODUCTS_DIR)/app_swoosh.app/app_swoosh";
			};
			name = Release;
		};
		2A7F51152696017600FDFF6E /* Debug */ = {
			isa = XCBuildConfiguration;
			buildSettings = {
				ALWAYS_EMBED_SWIFT_STANDARD_LIBRARIES = YES;
				CODE_SIGN_STYLE = Automatic;
				DEVELOPMENT_TEAM = P3L53LV9R5;
				INFOPLIST_FILE = app_swooshUITests/Info.plist;
				LD_RUNPATH_SEARCH_PATHS = (
					"$(inherited)",
					"@executable_path/Frameworks",
					"@loader_path/Frameworks",
				);
				PRODUCT_BUNDLE_IDENTIFIER = "com.leohuang.app-swooshUITests";
				PRODUCT_NAME = "$(TARGET_NAME)";
				SWIFT_VERSION = 5.0;
				TARGETED_DEVICE_FAMILY = "1,2";
				TEST_TARGET_NAME = app_swoosh;
			};
			name = Debug;
		};
		2A7F51162696017600FDFF6E /* Release */ = {
			isa = XCBuildConfiguration;
			buildSettings = {
				ALWAYS_EMBED_SWIFT_STANDARD_LIBRARIES = YES;
				CODE_SIGN_STYLE = Automatic;
				DEVELOPMENT_TEAM = P3L53LV9R5;
				INFOPLIST_FILE = app_swooshUITests/Info.plist;
				LD_RUNPATH_SEARCH_PATHS = (
					"$(inherited)",
					"@executable_path/Frameworks",
					"@loader_path/Frameworks",
				);
				PRODUCT_BUNDLE_IDENTIFIER = "com.leohuang.app-swooshUITests";
				PRODUCT_NAME = "$(TARGET_NAME)";
				SWIFT_VERSION = 5.0;
				TARGETED_DEVICE_FAMILY = "1,2";
				TEST_TARGET_NAME = app_swoosh;
			};
			name = Release;
		};
/* End XCBuildConfiguration section */

/* Begin XCConfigurationList section */
		2A7F50DF2696017000FDFF6E /* Build configuration list for PBXProject "app_swoosh" */ = {
			isa = XCConfigurationList;
			buildConfigurations = (
				2A7F510C2696017600FDFF6E /* Debug */,
				2A7F510D2696017600FDFF6E /* Release */,
			);
			defaultConfigurationIsVisible = 0;
			defaultConfigurationName = Release;
		};
		2A7F510E2696017600FDFF6E /* Build configuration list for PBXNativeTarget "app_swoosh" */ = {
			isa = XCConfigurationList;
			buildConfigurations = (
				2A7F510F2696017600FDFF6E /* Debug */,
				2A7F51102696017600FDFF6E /* Release */,
			);
			defaultConfigurationIsVisible = 0;
			defaultConfigurationName = Release;
		};
		2A7F51112696017600FDFF6E /* Build configuration list for PBXNativeTarget "app_swooshTests" */ = {
			isa = XCConfigurationList;
			buildConfigurations = (
				2A7F51122696017600FDFF6E /* Debug */,
				2A7F51132696017600FDFF6E /* Release */,
			);
			defaultConfigurationIsVisible = 0;
			defaultConfigurationName = Release;
		};
		2A7F51142696017600FDFF6E /* Build configuration list for PBXNativeTarget "app_swooshUITests" */ = {
			isa = XCConfigurationList;
			buildConfigurations = (
				2A7F51152696017600FDFF6E /* Debug */,
				2A7F51162696017600FDFF6E /* Release */,
			);
			defaultConfigurationIsVisible = 0;
			defaultConfigurationName = Release;
		};
/* End XCConfigurationList section */
	};
	rootObject = 2A7F50DC2696017000FDFF6E /* Project object */;
}
